<?xml version="1.0" encoding="utf-8"?>
<Project ToolsVersion="4.0" xmlns="http://schemas.microsoft.com/developer/msbuild/2003">
  <ItemGroup>
    <ClCompile Include="Game.cpp">
      <Filter>Source</Filter>
    </ClCompile>
    <ClCompile Include="main.cpp">
      <Filter>Source</Filter>
    </ClCompile>
    <ClCompile Include="Player.cpp">
      <Filter>Source\Player</Filter>
    </ClCompile>
    <ClCompile Include="Item.cpp">
      <Filter>Source</Filter>
    </ClCompile>
    <ClCompile Include="MasterAI.cpp">
      <Filter>Source\AI</Filter>
    </ClCompile>
    <ClCompile Include="Enemy.cpp">
      <Filter>Source\AI</Filter>
    </ClCompile>
    <ClCompile Include="NPC.cpp">
      <Filter>Source\AI</Filter>
    </ClCompile>
  </ItemGroup>
  <ItemGroup>
    <ClInclude Include="Game.h">
      <Filter>Source</Filter>
    </ClInclude>
    <ClInclude Include="Player.h">
      <Filter>Source\Player</Filter>
    </ClInclude>
    <ClInclude Include="Database.h">
      <Filter>Source\Other</Filter>
    </ClInclude>
    <ClInclude Include="Item.h">
      <Filter>Source</Filter>
    </ClInclude>
    <ClInclude Include="Color.h">
      <Filter>Source\Other</Filter>
    </ClInclude>
    <ClInclude Include="MyLibrary.h">
      <Filter>Source\Other</Filter>
    </ClInclude>
    <ClInclude Include="MasterAI.h">
      <Filter>Source\AI</Filter>
    </ClInclude>
    <ClInclude Include="Enemy.h">
      <Filter>Source\AI</Filter>
    </ClInclude>
    <ClInclude Include="NPC.h">
      <Filter>Source\AI</Filter>
    </ClInclude>
  </ItemGroup>
  <ItemGroup>
    <Filter Include="Source">
      <UniqueIdentifier>{e5763c2c-8ecf-4a28-bcba-cfc079164d5b}</UniqueIdentifier>
    </Filter>
    <Filter Include="Source\Player">
      <UniqueIdentifier>{095baae4-3966-424e-9069-2611d2299021}</UniqueIdentifier>
    </Filter>
    <Filter Include="Source\Other">
      <UniqueIdentifier>{0787a04f-fc27-4491-8013-802c1e030ebf}</UniqueIdentifier>
    </Filter>
    <Filter Include="Source\AI">
      <UniqueIdentifier>{a289a77c-0984-4381-bd96-15eae3a90885}</UniqueIdentifier>
    </Filter>
  </ItemGroup>
</Project>